
Microsoft Visual Studio Solution File, Format Version 12.00
# Visual Studio Version 16
VisualStudioVersion = 16.0.32510.428
MinimumVisualStudioVersion = 10.0.40219.1
Project("{FAE04EC0-301F-11D3-BF4B-00C04F79EFBC}") = "ClassMetotDemo", "ClassMetotDemo.csproj", "{A72116E0-E00D-446B-9362-C6A46F68C17B}"
EndProject
Global
	GlobalSection(SolutionConfigurationPlatforms) = preSolution
		Debug|Any CPU = Debug|Any CPU
		Release|Any CPU = Release|Any CPU
	EndGlobalSection
	GlobalSection(ProjectConfigurationPlatforms) = postSolution
		{A72116E0-E00D-446B-9362-C6A46F68C17B}.Debug|Any CPU.ActiveCfg = Debug|Any CPU
		{A72116E0-E00D-446B-9362-C6A46F68C17B}.Debug|Any CPU.Build.0 = Debug|Any CPU
		{A72116E0-E00D-446B-9362-C6A46F68C17B}.Release|Any CPU.ActiveCfg = Release|Any CPU
		{A72116E0-E00D-446B-9362-C6A46F68C17B}.Release|Any CPU.Build.0 = Release|Any CPU
	EndGlobalSection
	GlobalSection(SolutionProperties) = preSolution
		HideSolutionNode = FALSE
	EndGlobalSection
	GlobalSection(ExtensibilityGlobals) = postSolution
		SolutionGuid = {BD8EC792-C759-4E74-8373-DE0181FD3F10}
	EndGlobalSection
EndGlobal
